{
  "name": "classed.macro",
  "version": "0.1.7",
  "lockfileVersion": 1,
  "requires": true,
  "dependencies": {
    "@emotion/is-prop-valid": {
      "version": "0.7.3",
      "resolved": "https://registry.npmjs.org/@emotion/is-prop-valid/-/is-prop-valid-0.7.3.tgz",
      "integrity": "sha512-uxJqm/sqwXw3YPA5GXX365OBcJGFtxUVkB6WyezqFHlNe9jqUWH5ur2O2M8dGBz61kn1g3ZBlzUunFQXQIClhA==",
      "requires": {
        "@emotion/memoize": "0.7.1"
      }
    },
    "@emotion/memoize": {
      "version": "0.7.1",
      "resolved": "https://registry.npmjs.org/@emotion/memoize/-/memoize-0.7.1.tgz",
      "integrity": "sha512-Qv4LTqO11jepd5Qmlp3M1YEjBumoTHcHFdgPTQ+sFlIL5myi/7xu/POwP7IRu6odBdmLXdtIs1D6TuW6kbwbbg=="
    },
    "classed-components": {
      "version": "1.0.1",
      "resolved": "https://registry.npmjs.org/classed-components/-/classed-components-1.0.1.tgz",
      "integrity": "sha512-Pu22p7HR1rq4UUKKmeKDLPpW8lR+BfGYvPx1ROWhMK0AJGMRdRuTfcEvS1xxYWAcJv9nGnlbE5m+34tAa7cKXQ==",
      "requires": {
        "@emotion/is-prop-valid": "^0.7.3",
        "classnames": "^2.2.6"
      }
    },
    "classnames": {
      "version": "2.2.6",
      "resolved": "https://registry.npmjs.org/classnames/-/classnames-2.2.6.tgz",
      "integrity": "sha512-JR/iSQOSt+LQIWwrwEzJ9uk0xfN3mTVYMwt1Ir5mUcSN6pU+V4zQFFaJsclJbPuAUQH+yfWef6tm7l1quW3C8Q=="
    }
  }
}
